{
  "name": "ahern-sin-limites-_-seminario-virtual-ahern-2021_files",
  "version": "1.0.0",
  "lockfileVersion": 2,
  "requires": true,
  "packages": {
    "": {
      "name": "ahern-sin-limites-_-seminario-virtual-ahern-2021_files",
      "version": "1.0.0",
      "license": "ISC",
      "dependencies": {
        "@vimeo/player": "^2.16.1"
      }
    },
    "node_modules/@vimeo/player": {
      "version": "2.16.1",
      "resolved": "https://registry.npmjs.org/@vimeo/player/-/player-2.16.1.tgz",
      "integrity": "sha512-47pUwVFAYBKbmOpxF6CzQc0VwbVi7LCv8i1H44XgRRoMoI7jwAOSi4CDGinjEMoKOKxsn5/p8ze50XZYwgTVWA==",
      "dependencies": {
        "native-promise-only": "0.8.1",
        "weakmap-polyfill": "2.0.1"
      }
    },
    "node_modules/native-promise-only": {
      "version": "0.8.1",
      "resolved": "https://registry.npmjs.org/native-promise-only/-/native-promise-only-0.8.1.tgz",
      "integrity": "sha1-IKMYwwy0X3H+et+/eyHJnBRy7xE="
    },
    "node_modules/weakmap-polyfill": {
      "version": "2.0.1",
      "resolved": "https://registry.npmjs.org/weakmap-polyfill/-/weakmap-polyfill-2.0.1.tgz",
      "integrity": "sha512-Jy177Lvb1LCrPQDWJsXyyqf4eOhcdvQHFGoCqSv921kVF5i42MVbr4e2WEwetuTLBn1NX0IhPzTmMu0N3cURqQ==",
      "engines": {
        "node": ">=8.10.0"
      }
    }
  },
  "dependencies": {
    "@vimeo/player": {
      "version": "2.16.1",
      "resolved": "https://registry.npmjs.org/@vimeo/player/-/player-2.16.1.tgz",
      "integrity": "sha512-47pUwVFAYBKbmOpxF6CzQc0VwbVi7LCv8i1H44XgRRoMoI7jwAOSi4CDGinjEMoKOKxsn5/p8ze50XZYwgTVWA==",
      "requires": {
        "native-promise-only": "0.8.1",
        "weakmap-polyfill": "2.0.1"
      }
    },
    "native-promise-only": {
      "version": "0.8.1",
      "resolved": "https://registry.npmjs.org/native-promise-only/-/native-promise-only-0.8.1.tgz",
      "integrity": "sha1-IKMYwwy0X3H+et+/eyHJnBRy7xE="
    },
    "weakmap-polyfill": {
      "version": "2.0.1",
      "resolved": "https://registry.npmjs.org/weakmap-polyfill/-/weakmap-polyfill-2.0.1.tgz",
      "integrity": "sha512-Jy177Lvb1LCrPQDWJsXyyqf4eOhcdvQHFGoCqSv921kVF5i42MVbr4e2WEwetuTLBn1NX0IhPzTmMu0N3cURqQ=="
    }
  }
}
